
Microsoft Visual Studio Solution File, Format Version 12.00
# Visual Studio Version 16
VisualStudioVersion = 16.0.31424.327
MinimumVisualStudioVersion = 10.0.40219.1
Project("{FAE04EC0-301F-11D3-BF4B-00C04F79EFBC}") = "ULMClubManager.DAL", "ULMClubManager.DAL\ULMClubManager.DAL.csproj", "{4CDC1A68-B04E-48E5-AEEF-512B9B45DF07}"
EndProject
Project("{FAE04EC0-301F-11D3-BF4B-00C04F79EFBC}") = "ULMClubManager.BL", "ULMClubManager.BL\ULMClubManager.BL.csproj", "{55203555-09B9-44B7-BA75-20922F7F4A33}"
EndProject
Project("{FAE04EC0-301F-11D3-BF4B-00C04F79EFBC}") = "ULMClubManger.Forms", "ULMClubManger.Forms\ULMClubManger.Forms.csproj", "{9FEFAC36-EA71-44FB-B6DC-1E217C64E3C4}"
EndProject
Project("{2150E333-8FDC-42A3-9474-1A3956D46DE8}") = "1_Presentation", "1_Presentation", "{D820277D-DEFF-4AB1-B70E-DE5F0EFA54AE}"
EndProject
Project("{2150E333-8FDC-42A3-9474-1A3956D46DE8}") = "2_Business", "2_Business", "{84FE983E-5CA4-48F0-85C4-DE7ACF1EB5FE}"
EndProject
Project("{2150E333-8FDC-42A3-9474-1A3956D46DE8}") = "3_DataAccess", "3_DataAccess", "{184D414A-FDE2-4654-9F39-CF5256B6B749}"
EndProject
Project("{2150E333-8FDC-42A3-9474-1A3956D46DE8}") = "Tools", "Tools", "{70410D4C-C07B-4F0D-9BFC-68D1278219C1}"
EndProject
Project("{FAE04EC0-301F-11D3-BF4B-00C04F79EFBC}") = "ULMClubManager.DapperIntegration", "ULMClubManager.DapperIntegration\ULMClubManager.DapperIntegration.csproj", "{28C5E98D-8798-4669-A294-1D16BCB05724}"
EndProject
Project("{FAE04EC0-301F-11D3-BF4B-00C04F79EFBC}") = "ULMClubManager.DTO", "ULMClubManager.DTO\ULMClubManager.DTO.csproj", "{30E75AB0-A051-41D1-B602-880535C65DA7}"
EndProject
Global
	GlobalSection(SolutionConfigurationPlatforms) = preSolution
		Debug|Any CPU = Debug|Any CPU
		Release|Any CPU = Release|Any CPU
	EndGlobalSection
	GlobalSection(ProjectConfigurationPlatforms) = postSolution
		{4CDC1A68-B04E-48E5-AEEF-512B9B45DF07}.Debug|Any CPU.ActiveCfg = Debug|Any CPU
		{4CDC1A68-B04E-48E5-AEEF-512B9B45DF07}.Debug|Any CPU.Build.0 = Debug|Any CPU
		{4CDC1A68-B04E-48E5-AEEF-512B9B45DF07}.Release|Any CPU.ActiveCfg = Release|Any CPU
		{4CDC1A68-B04E-48E5-AEEF-512B9B45DF07}.Release|Any CPU.Build.0 = Release|Any CPU
		{55203555-09B9-44B7-BA75-20922F7F4A33}.Debug|Any CPU.ActiveCfg = Debug|Any CPU
		{55203555-09B9-44B7-BA75-20922F7F4A33}.Debug|Any CPU.Build.0 = Debug|Any CPU
		{55203555-09B9-44B7-BA75-20922F7F4A33}.Release|Any CPU.ActiveCfg = Release|Any CPU
		{55203555-09B9-44B7-BA75-20922F7F4A33}.Release|Any CPU.Build.0 = Release|Any CPU
		{9FEFAC36-EA71-44FB-B6DC-1E217C64E3C4}.Debug|Any CPU.ActiveCfg = Debug|Any CPU
		{9FEFAC36-EA71-44FB-B6DC-1E217C64E3C4}.Debug|Any CPU.Build.0 = Debug|Any CPU
		{9FEFAC36-EA71-44FB-B6DC-1E217C64E3C4}.Release|Any CPU.ActiveCfg = Release|Any CPU
		{9FEFAC36-EA71-44FB-B6DC-1E217C64E3C4}.Release|Any CPU.Build.0 = Release|Any CPU
		{28C5E98D-8798-4669-A294-1D16BCB05724}.Debug|Any CPU.ActiveCfg = Debug|Any CPU
		{28C5E98D-8798-4669-A294-1D16BCB05724}.Debug|Any CPU.Build.0 = Debug|Any CPU
		{28C5E98D-8798-4669-A294-1D16BCB05724}.Release|Any CPU.ActiveCfg = Release|Any CPU
		{28C5E98D-8798-4669-A294-1D16BCB05724}.Release|Any CPU.Build.0 = Release|Any CPU
		{30E75AB0-A051-41D1-B602-880535C65DA7}.Debug|Any CPU.ActiveCfg = Debug|Any CPU
		{30E75AB0-A051-41D1-B602-880535C65DA7}.Debug|Any CPU.Build.0 = Debug|Any CPU
		{30E75AB0-A051-41D1-B602-880535C65DA7}.Release|Any CPU.ActiveCfg = Release|Any CPU
		{30E75AB0-A051-41D1-B602-880535C65DA7}.Release|Any CPU.Build.0 = Release|Any CPU
	EndGlobalSection
	GlobalSection(SolutionProperties) = preSolution
		HideSolutionNode = FALSE
	EndGlobalSection
	GlobalSection(NestedProjects) = preSolution
		{4CDC1A68-B04E-48E5-AEEF-512B9B45DF07} = {184D414A-FDE2-4654-9F39-CF5256B6B749}
		{55203555-09B9-44B7-BA75-20922F7F4A33} = {84FE983E-5CA4-48F0-85C4-DE7ACF1EB5FE}
		{9FEFAC36-EA71-44FB-B6DC-1E217C64E3C4} = {D820277D-DEFF-4AB1-B70E-DE5F0EFA54AE}
		{28C5E98D-8798-4669-A294-1D16BCB05724} = {70410D4C-C07B-4F0D-9BFC-68D1278219C1}
		{30E75AB0-A051-41D1-B602-880535C65DA7} = {84FE983E-5CA4-48F0-85C4-DE7ACF1EB5FE}
	EndGlobalSection
	GlobalSection(ExtensibilityGlobals) = postSolution
		SolutionGuid = {13BD96CE-62CC-4080-B27C-4DCB8ADF7A37}
	EndGlobalSection
EndGlobal
